// !$*UTF8*$!
{
	archiveVersion = 1;
	classes = {
	};
	objectVersion = 46;
	objects = {

/* Begin PBXBuildFile section */
		E93144FE2050D21C000B4CB6 /* AppDelegate.swift in Sources */ = {isa = PBXBuildFile; fileRef = E93144FD2050D21C000B4CB6 /* AppDelegate.swift */; };
		E93145002050D21C000B4CB6 /* ViewController.swift in Sources */ = {isa = PBXBuildFile; fileRef = E93144FF2050D21C000B4CB6 /* ViewController.swift */; };
		E93145032050D21C000B4CB6 /* Main.storyboard in Resources */ = {isa = PBXBuildFile; fileRef = E93145012050D21C000B4CB6 /* Main.storyboard */; };
		E93145052050D21C000B4CB6 /* Assets.xcassets in Resources */ = {isa = PBXBuildFile; fileRef = E93145042050D21C000B4CB6 /* Assets.xcassets */; };
		E93145082050D21C000B4CB6 /* LaunchScreen.storyboard in Resources */ = {isa = PBXBuildFile; fileRef = E93145062050D21C000B4CB6 /* LaunchScreen.storyboard */; };
/* End PBXBuildFile section */

/* Begin PBXFileReference section */
		E93144FA2050D21C000B4CB6 /* huang.app */ = {isa = PBXFileReference; explicitFileType = wrapper.application; includeInIndex = 0; path = huang.app; sourceTree = BUILT_PRODUCTS_DIR; };
		E93144FD2050D21C000B4CB6 /* AppDelegate.swift */ = {isa = PBXFileReference; lastKnownFileType = sourcecode.swift; path = AppDelegate.swift; sourceTree = "<group>"; };
		E93144FF2050D21C000B4CB6 /* ViewController.swift */ = {isa = PBXFileReference; lastKnownFileType = sourcecode.swift; path = ViewController.swift; sourceTree = "<group>"; };
		E93145022050D21C000B4CB6 /* Base */ = {isa = PBXFileReference; lastKnownFileType = file.storyboard; name = Base; path = Base.lproj/Main.storyboard; sourceTree = "<group>"; };
		E93145042050D21C000B4CB6 /* Assets.xcassets */ = {isa = PBXFileReference; lastKnownFileType = folder.assetcatalog; path = Assets.xcassets; sourceTree = "<group>"; };
		E93145072050D21C000B4CB6 /* Base */ = {isa = PBXFileReference; lastKnownFileType = file.storyboard; name = Base; path = Base.lproj/LaunchScreen.storyboard; sourceTree = "<group>"; };
		E93145092050D21C000B4CB6 /* Info.plist */ = {isa = PBXFileReference; lastKnownFileType = text.plist.xml; path = Info.plist; sourceTree = "<group>"; };
/* End PBXFileReference section */

/* Begin PBXFrameworksBuildPhase section */
		E93144F72050D21C000B4CB6 /* Frameworks */ = {
			isa = PBXFrameworksBuildPhase;
			buildActionMask = 2147483647;
			files = (
			);
			runOnlyForDeploymentPostprocessing = 0;
		};
/* End PBXFrameworksBuildPhase section */

/* Begin PBXGroup section */
		E93144F12050D21C000B4CB6 = {
			isa = PBXGroup;
			children = (
				E93144FC2050D21C000B4CB6 /* huang */,
				E93144FB2050D21C000B4CB6 /* Products */,
			);
			sourceTree = "<group>";
		};
		E93144FB2050D21C000B4CB6 /* Products */ = {
			isa = PBXGroup;
			children = (
				E93144FA2050D21C000B4CB6 /* huang.app */,
			);
			name = Products;
			sourceTree = "<group>";
		};
		E93144FC2050D21C000B4CB6 /* huang */ = {
			isa = PBXGroup;
			children = (
				E93144FD2050D21C000B4CB6 /* AppDelegate.swift */,
				E93144FF2050D21C000B4CB6 /* ViewController.swift */,
				E93145012050D21C000B4CB6 /* Main.storyboard */,
				E93145042050D21C000B4CB6 /* Assets.xcassets */,
				E93145062050D21C000B4CB6 /* LaunchScreen.storyboard */,
				E93145092050D21C000B4CB6 /* Info.plist */,
			);
			path = huang;
			sourceTree = "<group>";
		};
/* End PBXGroup section */

/* Begin PBXNativeTarget section */
		E93144F92050D21C000B4CB6 /* huang */ = {
			isa = PBXNativeTarget;
			buildConfigurationList = E931450C2050D21C000B4CB6 /* Build configuration list for PBXNativeTarget "huang" */;
			buildPhases = (
				E93144F62050D21C000B4CB6 /* Sources */,
				E93144F72050D21C000B4CB6 /* Frameworks */,
				E93144F82050D21C000B4CB6 /* Resources */,
			);
			buildRules = (
			);
			dependencies = (
			);
			name = huang;
			productName = huang;
			productReference = E93144FA2050D21C000B4CB6 /* huang.app */;
			productType = "com.apple.product-type.application";
		};
/* End PBXNativeTarget section */

/* Begin PBXProject section */
		E93144F22050D21C000B4CB6 /* Project object */ = {
			isa = PBXProject;
			attributes = {
				LastSwiftUpdateCheck = 0830;
				LastUpgradeCheck = 0830;
				ORGANIZATIONNAME = gdcp;
				TargetAttributes = {
					E93144F92050D21C000B4CB6 = {
						CreatedOnToolsVersion = 8.3.3;
						ProvisioningStyle = Automatic;
					};
				};
			};
			buildConfigurationList = E93144F52050D21C000B4CB6 /* Build configuration list for PBXProject "huang" */;
			compatibilityVersion = "Xcode 3.2";
			developmentRegion = English;
			hasScannedForEncodings = 0;
			knownRegions = (
				en,
				Base,
			);
			mainGroup = E93144F12050D21C000B4CB6;
			productRefGroup = E93144FB2050D21C000B4CB6 /* Products */;
			projectDirPath = "";
			projectRoot = "";
			targets = (
				E93144F92050D21C000B4CB6 /* huang */,
			);
		};
/* End PBXProject section */

/* Begin PBXResourcesBuildPhase section */
		E93144F82050D21C000B4CB6 /* Resources */ = {
			isa = PBXResourcesBuildPhase;
			buildActionMask = 2147483647;
			files = (
				E93145082050D21C000B4CB6 /* LaunchScreen.storyboard in Resources */,
				E93145052050D21C000B4CB6 /* Assets.xcassets in Resources */,
				E93145032050D21C000B4CB6 /* Main.storyboard in Resources */,
			);
			runOnlyForDeploymentPostprocessing = 0;
		};
/* End PBXResourcesBuildPhase section */

/* Begin PBXSourcesBuildPhase section */
		E93144F62050D21C000B4CB6 /* Sources */ = {
			isa = PBXSourcesBuildPhase;
			buildActionMask = 2147483647;
			files = (
				E93145002050D21C000B4CB6 /* ViewController.swift in Sources */,
				E93144FE2050D21C000B4CB6 /* AppDelegate.swift in Sources */,
			);
			runOnlyForDeploymentPostprocessing = 0;
		};
/* End PBXSourcesBuildPhase section */

/* Begin PBXVariantGroup section */
		E93145012050D21C000B4CB6 /* Main.storyboard */ = {
			isa = PBXVariantGroup;
			children = (
				E93145022050D21C000B4CB6 /* Base */,
			);
			name = Main.storyboard;
			sourceTree = "<group>";
		};
		E93145062050D21C000B4CB6 /* LaunchScreen.storyboard */ = {
			isa = PBXVariantGroup;
			children = (
				E93145072050D21C000B4CB6 /* Base */,
			);
			name = LaunchScreen.storyboard;
			sourceTree = "<group>";
		};
/* End PBXVariantGroup section */

/* Begin XCBuildConfiguration section */
		E931450A2050D21C000B4CB6 /* Debug */ = {
			isa = XCBuildConfiguration;
			buildSettings = {
				ALWAYS_SEARCH_USER_PATHS = NO;
				CLANG_ANALYZER_NONNULL = YES;
				CLANG_ANALYZER_NUMBER_OBJECT_CONVERSION = YES_AGGRESSIVE;
				CLANG_CXX_LANGUAGE_STANDARD = "gnu++0x";
				CLANG_CXX_LIBRARY = "libc++";
				CLANG_ENABLE_MODULES = YES;
				CLANG_ENABLE_OBJC_ARC = YES;
				CLANG_WARN_BOOL_CONVERSION = YES;
				CLANG_WARN_CONSTANT_CONVERSION = YES;
				CLANG_WARN_DIRECT_OBJC_ISA_USAGE = YES_ERROR;
				CLANG_WARN_DOCUMENTATION_COMMENTS = YES;
				CLANG_WARN_EMPTY_BODY = YES;
				CLANG_WARN_ENUM_CONVERSION = YES;
				CLANG_WARN_INFINITE_RECURSION = YES;
				CLANG_WARN_INT_CONVERSION = YES;
				CLANG_WARN_OBJC_ROOT_CLASS = YES_ERROR;
				CLANG_WARN_SUSPICIOUS_MOVE = YES;
				CLANG_WARN_UNREACHABLE_CODE = YES;
				CLANG_WARN__DUPLICATE_METHOD_MATCH = YES;
				"CODE_SIGN_IDENTITY[sdk=iphoneos*]" = "iPhone Developer";
				COPY_PHASE_STRIP = NO;
				DEBUG_INFORMATION_FORMAT = dwarf;
				ENABLE_STRICT_OBJC_MSGSEND = YES;
				ENABLE_TESTABILITY = YES;
				GCC_C_LANGUAGE_STANDARD = gnu99;
				GCC_DYNAMIC_NO_PIC = NO;
				GCC_NO_COMMON_BLOCKS = YES;
				GCC_OPTIMIZATION_LEVEL = 0;
				GCC_PREPROCESSOR_DEFINITIONS = (
					"DEBUG=1",
					"$(inherited)",
				);
				GCC_WARN_64_TO_32_BIT_CONVERSION = YES;
				GCC_WARN_ABOUT_RETURN_TYPE = YES_ERROR;
				GCC_WARN_UNDECLARED_SELECTOR = YES;
				GCC_WARN_UNINITIALIZED_AUTOS = YES_AGGRESSIVE;
				GCC_WARN_UNUSED_FUNCTION = YES;
				GCC_WARN_UNUSED_VARIABLE = YES;
				IPHONEOS_DEPLOYMENT_TARGET = 10.3;
				MTL_ENABLE_DEBUG_INFO = YES;
				ONLY_ACTIVE_ARCH = YES;
				SDKROOT = iphoneos;
				SWIFT_ACTIVE_COMPILATION_CONDITIONS = DEBUG;
				SWIFT_OPTIMIZATION_LEVEL = "-Onone";
				TARGETED_DEVICE_FAMILY = "1,2";
			};
			name = Debug;
		};
		E931450B2050D21C000B4CB6 /* Release */ = {
			isa = XCBuildConfiguration;
			buildSettings = {
				ALWAYS_SEARCH_USER_PATHS = NO;
				CLANG_ANALYZER_NONNULL = YES;
				CLANG_ANALYZER_NUMBER_OBJECT_CONVERSION = YES_AGGRESSIVE;
				CLANG_CXX_LANGUAGE_STANDARD = "gnu++0x";
				CLANG_CXX_LIBRARY = "libc++";
				CLANG_ENABLE_MODULES = YES;
				CLANG_ENABLE_OBJC_ARC = YES;
				CLANG_WARN_BOOL_CONVERSION = YES;
				CLANG_WARN_CONSTANT_CONVERSION = YES;
				CLANG_WARN_DIRECT_OBJC_ISA_USAGE = YES_ERROR;
				CLANG_WARN_DOCUMENTATION_COMMENTS = YES;
				CLANG_WARN_EMPTY_BODY = YES;
				CLANG_WARN_ENUM_CONVERSION = YES;
				CLANG_WARN_INFINITE_RECURSION = YES;
				CLANG_WARN_INT_CONVERSION = YES;
				CLANG_WARN_OBJC_ROOT_CLASS = YES_ERROR;
				CLANG_WARN_SUSPICIOUS_MOVE = YES;
				CLANG_WARN_UNREACHABLE_CODE = YES;
				CLANG_WARN__DUPLICATE_METHOD_MATCH = YES;
				"CODE_SIGN_IDENTITY[sdk=iphoneos*]" = "iPhone Developer";
				COPY_PHASE_STRIP = NO;
				DEBUG_INFORMATION_FORMAT = "dwarf-with-dsym";
				ENABLE_NS_ASSERTIONS = NO;
				ENABLE_STRICT_OBJC_MSGSEND = YES;
				GCC_C_LANGUAGE_STANDARD = gnu99;
				GCC_NO_COMMON_BLOCKS = YES;
				GCC_WARN_64_TO_32_BIT_CONVERSION = YES;
				GCC_WARN_ABOUT_RETURN_TYPE = YES_ERROR;
				GCC_WARN_UNDECLARED_SELECTOR = YES;
				GCC_WARN_UNINITIALIZED_AUTOS = YES_AGGRESSIVE;
				GCC_WARN_UNUSED_FUNCTION = YES;
				GCC_WARN_UNUSED_VARIABLE = YES;
				IPHONEOS_DEPLOYMENT_TARGET = 10.3;
				MTL_ENABLE_DEBUG_INFO = NO;
				SDKROOT = iphoneos;
				SWIFT_OPTIMIZATION_LEVEL = "-Owholemodule";
				TARGETED_DEVICE_FAMILY = "1,2";
				VALIDATE_PRODUCT = YES;
			};
			name = Release;
		};
		E931450D2050D21C000B4CB6 /* Debug */ = {
			isa = XCBuildConfiguration;
			buildSettings = {
				ASSETCATALOG_COMPILER_APPICON_NAME = AppIcon;
				INFOPLIST_FILE = huang/Info.plist;
				LD_RUNPATH_SEARCH_PATHS = "$(inherited) @executable_path/Frameworks";
				PRODUCT_BUNDLE_IDENTIFIER = gdcp.huang;
				PRODUCT_NAME = "$(TARGET_NAME)";
				SWIFT_VERSION = 3.0;
			};
			name = Debug;
		};
		E931450E2050D21C000B4CB6 /* Release */ = {
			isa = XCBuildConfiguration;
			buildSettings = {
				ASSETCATALOG_COMPILER_APPICON_NAME = AppIcon;
				INFOPLIST_FILE = huang/Info.plist;
				LD_RUNPATH_SEARCH_PATHS = "$(inherited) @executable_path/Frameworks";
				PRODUCT_BUNDLE_IDENTIFIER = gdcp.huang;
				PRODUCT_NAME = "$(TARGET_NAME)";
				SWIFT_VERSION = 3.0;
			};
			name = Release;
		};
/* End XCBuildConfiguration section */

/* Begin XCConfigurationList section */
		E93144F52050D21C000B4CB6 /* Build configuration list for PBXProject "huang" */ = {
			isa = XCConfigurationList;
			buildConfigurations = (
				E931450A2050D21C000B4CB6 /* Debug */,
				E931450B2050D21C000B4CB6 /* Release */,
			);
			defaultConfigurationIsVisible = 0;
			defaultConfigurationName = Release;
		};
		E931450C2050D21C000B4CB6 /* Build configuration list for PBXNativeTarget "huang" */ = {
			isa = XCConfigurationList;
			buildConfigurations = (
				E931450D2050D21C000B4CB6 /* Debug */,
				E931450E2050D21C000B4CB6 /* Release */,
			);
			defaultConfigurationIsVisible = 0;
		};
/* End XCConfigurationList section */
	};
	rootObject = E93144F22050D21C000B4CB6 /* Project object */;
}
